
Microsoft Visual Studio Solution File, Format Version 12.00
# Visual Studio 14
VisualStudioVersion = 14.0.24720.0
MinimumVisualStudioVersion = 10.0.40219.1
Project("{FAE04EC0-301F-11D3-BF4B-00C04F79EFBC}") = "Presentation", "MathTrainer\Presentation.csproj", "{C24CBA26-1536-474E-ADC2-B488F97BA014}"
EndProject
Project("{FAE04EC0-301F-11D3-BF4B-00C04F79EFBC}") = "UI", "UI\UI.csproj", "{EBAB0D7B-22AC-48E4-AE06-DA5FF0E7DB7F}"
EndProject
Project("{FAE04EC0-301F-11D3-BF4B-00C04F79EFBC}") = "DomainModel", "DomainModel\DomainModel.csproj", "{DFE40456-25EF-4E3D-9AF0-4E9D163C3BF7}"
EndProject
Project("{FAE04EC0-301F-11D3-BF4B-00C04F79EFBC}") = "UnitTest", "UnitTest\UnitTest.csproj", "{73FF4C53-6F28-48E3-8271-81807E4DE405}"
EndProject
Project("{2150E333-8FDC-42A3-9474-1A3956D46DE8}") = "Solution Items", "Solution Items", "{FEFFC9C4-1AF5-4FE1-9156-B2DECE05CAB5}"
	ProjectSection(SolutionItems) = preProject
		readme.txt = readme.txt
	EndProjectSection
EndProject
Global
	GlobalSection(SolutionConfigurationPlatforms) = preSolution
		Debug|Any CPU = Debug|Any CPU
		Debug|x86 = Debug|x86
		Release|Any CPU = Release|Any CPU
		Release|x86 = Release|x86
	EndGlobalSection
	GlobalSection(ProjectConfigurationPlatforms) = postSolution
		{C24CBA26-1536-474E-ADC2-B488F97BA014}.Debug|Any CPU.ActiveCfg = Debug|x86
		{C24CBA26-1536-474E-ADC2-B488F97BA014}.Debug|x86.ActiveCfg = Debug|x86
		{C24CBA26-1536-474E-ADC2-B488F97BA014}.Debug|x86.Build.0 = Debug|x86
		{C24CBA26-1536-474E-ADC2-B488F97BA014}.Release|Any CPU.ActiveCfg = Release|x86
		{C24CBA26-1536-474E-ADC2-B488F97BA014}.Release|Any CPU.Build.0 = Release|x86
		{C24CBA26-1536-474E-ADC2-B488F97BA014}.Release|x86.ActiveCfg = Release|x86
		{C24CBA26-1536-474E-ADC2-B488F97BA014}.Release|x86.Build.0 = Release|x86
		{EBAB0D7B-22AC-48E4-AE06-DA5FF0E7DB7F}.Debug|Any CPU.ActiveCfg = Debug|Any CPU
		{EBAB0D7B-22AC-48E4-AE06-DA5FF0E7DB7F}.Debug|Any CPU.Build.0 = Debug|Any CPU
		{EBAB0D7B-22AC-48E4-AE06-DA5FF0E7DB7F}.Debug|x86.ActiveCfg = Debug|Any CPU
		{EBAB0D7B-22AC-48E4-AE06-DA5FF0E7DB7F}.Debug|x86.Build.0 = Debug|Any CPU
		{EBAB0D7B-22AC-48E4-AE06-DA5FF0E7DB7F}.Release|Any CPU.ActiveCfg = Release|Any CPU
		{EBAB0D7B-22AC-48E4-AE06-DA5FF0E7DB7F}.Release|Any CPU.Build.0 = Release|Any CPU
		{EBAB0D7B-22AC-48E4-AE06-DA5FF0E7DB7F}.Release|x86.ActiveCfg = Release|Any CPU
		{EBAB0D7B-22AC-48E4-AE06-DA5FF0E7DB7F}.Release|x86.Build.0 = Release|Any CPU
		{DFE40456-25EF-4E3D-9AF0-4E9D163C3BF7}.Debug|Any CPU.ActiveCfg = Debug|Any CPU
		{DFE40456-25EF-4E3D-9AF0-4E9D163C3BF7}.Debug|Any CPU.Build.0 = Debug|Any CPU
		{DFE40456-25EF-4E3D-9AF0-4E9D163C3BF7}.Debug|x86.ActiveCfg = Debug|Any CPU
		{DFE40456-25EF-4E3D-9AF0-4E9D163C3BF7}.Debug|x86.Build.0 = Debug|Any CPU
		{DFE40456-25EF-4E3D-9AF0-4E9D163C3BF7}.Release|Any CPU.ActiveCfg = Release|Any CPU
		{DFE40456-25EF-4E3D-9AF0-4E9D163C3BF7}.Release|Any CPU.Build.0 = Release|Any CPU
		{DFE40456-25EF-4E3D-9AF0-4E9D163C3BF7}.Release|x86.ActiveCfg = Release|Any CPU
		{DFE40456-25EF-4E3D-9AF0-4E9D163C3BF7}.Release|x86.Build.0 = Release|Any CPU
		{73FF4C53-6F28-48E3-8271-81807E4DE405}.Debug|Any CPU.ActiveCfg = Debug|Any CPU
		{73FF4C53-6F28-48E3-8271-81807E4DE405}.Debug|Any CPU.Build.0 = Debug|Any CPU
		{73FF4C53-6F28-48E3-8271-81807E4DE405}.Debug|x86.ActiveCfg = Debug|Any CPU
		{73FF4C53-6F28-48E3-8271-81807E4DE405}.Debug|x86.Build.0 = Debug|Any CPU
		{73FF4C53-6F28-48E3-8271-81807E4DE405}.Release|Any CPU.ActiveCfg = Release|Any CPU
		{73FF4C53-6F28-48E3-8271-81807E4DE405}.Release|Any CPU.Build.0 = Release|Any CPU
		{73FF4C53-6F28-48E3-8271-81807E4DE405}.Release|x86.ActiveCfg = Release|Any CPU
		{73FF4C53-6F28-48E3-8271-81807E4DE405}.Release|x86.Build.0 = Release|Any CPU
	EndGlobalSection
	GlobalSection(SolutionProperties) = preSolution
		HideSolutionNode = FALSE
	EndGlobalSection
EndGlobal
